PODS:
  - CocoaLumberjack (3.6.2):
    - CocoaLumberjack/Core (= 3.6.2)
  - CocoaLumberjack/Core (3.6.2)
  - Crashlytics (3.14.0):
    - Fabric (~> 1.10.2)
  - Fabric (1.10.2)
  - FLAnimatedImage (1.0.12)
  - FMDB (2.7.5):
    - FMDB/standard (= 2.7.5)
  - FMDB/standard (2.7.5)
  - M80AttributedLabel (1.9.9)
  - NIMKit/Core_Free (2.14.1):
    - FLAnimatedImage
    - M80AttributedLabel
    - SDWebImage
    - Toast
    - TZImagePickerController
    - YYImage
    - YYImage/WebP
  - NIMKit/Full_Free (2.14.1):
    - NIMKit/Core_Free
    - NIMSDK (~> 7.9.1)
  - NIMSDK (7.9.1)
  - Reachability (3.2)
  - SDWebImage (5.9.1):
    - SDWebImage/Core (= 5.9.1)
  - SDWebImage/Core (5.9.1)
  - SDWebImageFLPlugin (0.4.0):
    - FLAnimatedImage (>= 1.0.11)
    - SDWebImage/Core (~> 5.6)
  - SSZipArchive (1.8.1)
  - SVProgressHUD (2.2.5)
  - Toast (3.1.0)
  - TZImagePickerController (3.4.2)
  - YYImage (1.0.4):
    - YYImage/Core (= 1.0.4)
  - YYImage/Core (1.0.4)
  - YYImage/WebP (1.0.4):
    - YYImage/Core

DEPENDENCIES:
  - CocoaLumberjack (~> 3.2)
  - Crashlytics
  - Fabric
  - FMDB (~> 2.7)
  - NIMKit/Full_Free (~> 2.12)
  - Reachability (~> 3.2)
  - SDWebImageFLPlugin
  - SSZipArchive (~> 1.8)
  - SVProgressHUD (~> 2.1)
  - Toast (~> 3.0)

SPEC REPOS:
  trunk:
    - CocoaLumberjack
    - Crashlytics
    - Fabric
    - FLAnimatedImage
    - FMDB
    - M80AttributedLabel
    - NIMKit
    - NIMSDK
    - Reachability
    - SDWebImage
    - SDWebImageFLPlugin
    - SSZipArchive
    - SVProgressHUD
    - Toast
    - TZImagePickerController
    - YYImage

SPEC CHECKSUMS:
  CocoaLumberjack: bd155f2dd06c0e0b03f876f7a3ee55693122ec94
  Crashlytics: 540b7e5f5da5a042647227a5e3ac51d85eed06df
  Fabric: 706c8b8098fff96c33c0db69cbf81f9c551d0d74
  FLAnimatedImage: 4a0b56255d9b05f18b6dd7ee06871be5d3b89e31
  FMDB: 2ce00b547f966261cd18927a3ddb07cb6f3db82a
  M80AttributedLabel: 77fedfe63804c989a6de0fa4d400ea8cad3ab441
  NIMKit: b30315673bd4c2ff5579d5e4c51e665d9faef02a
  NIMSDK: bdfb066f263453978192e6904c28bbf747978772
  Reachability: 33e18b67625424e47b6cde6d202dce689ad7af96
  SDWebImage: a990c053fff71e388a10f3357edb0be17929c9c5
  SDWebImageFLPlugin: 6c2295fb1242d44467c6c87dc5db6b0a13228fd8
  SSZipArchive: 04547dfa448be5ed7ecbaf7eaf8a6e9eb9b42997
  SVProgressHUD: 1428aafac632c1f86f62aa4243ec12008d7a51d6
  Toast: 14a93686d6c8bfe2727afd342414e35660a8a1f3
  TZImagePickerController: cc0b74d5f01ab4cddcc24dcdfc3c7d68e6261056
  YYImage: 1e1b62a9997399593e4b9c4ecfbbabbf1d3f3b54

PODFILE CHECKSUM: fbc8577079d2f61324458efa62130b94eb436695

COCOAPODS: 1.9.3
