PODS:
  - CocoaLumberjack (3.7.0):
    - CocoaLumberjack/Core (= 3.7.0)
  - CocoaLumberjack/Core (3.7.0)
  - Crashlytics (3.14.0):
    - Fabric (~> 1.10.2)
  - Fabric (1.10.2)
  - FLAnimatedImage (1.0.15)
  - FMDB (2.7.5):
    - FMDB/standard (= 2.7.5)
  - FMDB/standard (2.7.5)
  - M80AttributedLabel (1.9.9)
  - NIMKit/Core_Free (3.3.1):
    - FLAnimatedImage
    - M80AttributedLabel
    - SDWebImage
    - Toast
    - TZImagePickerController
    - YYImage
    - YYImage/WebP
  - NIMKit/Full_Free (3.3.1):
    - NIMKit/Core_Free
    - NIMSDK (~> 8.3.1)
  - NIMSDK (8.3.1)
  - Reachability (3.2)
  - SDWebImage (5.10.4):
    - SDWebImage/Core (= 5.10.4)
  - SDWebImage/Core (5.10.4)
  - SDWebImageFLPlugin (0.5.0):
    - FLAnimatedImage (>= 1.0.11)
    - SDWebImage/Core (~> 5.10)
  - SSZipArchive (1.8.1)
  - SVProgressHUD (2.2.5)
  - Toast (3.1.0)
  - TZImagePickerController (3.5.8)
  - YYImage (1.0.4):
    - YYImage/Core (= 1.0.4)
  - YYImage/Core (1.0.4)
  - YYImage/WebP (1.0.4):
    - YYImage/Core

DEPENDENCIES:
  - CocoaLumberjack (~> 3.2)
  - Crashlytics
  - Fabric
  - FMDB (~> 2.7)
  - NIMKit/Full_Free (~> 3.0)
  - Reachability (~> 3.2)
  - SDWebImageFLPlugin
  - SSZipArchive (~> 1.8)
  - SVProgressHUD (~> 2.1)
  - Toast (~> 3.0)

SPEC REPOS:
  trunk:
    - CocoaLumberjack
    - Crashlytics
    - Fabric
    - FLAnimatedImage
    - FMDB
    - M80AttributedLabel
    - NIMKit
    - NIMSDK
    - Reachability
    - SDWebImage
    - SDWebImageFLPlugin
    - SSZipArchive
    - SVProgressHUD
    - Toast
    - TZImagePickerController
    - YYImage

SPEC CHECKSUMS:
  CocoaLumberjack: e8955b9d337ac307103b0a34fd141c32f27e53c5
  Crashlytics: 9220f5bc89e7a618df411b4f639389dbfb0e03d2
  Fabric: ea977e3cd9c20425516d3dafd3bf8c941c51223f
  FLAnimatedImage: dd3db277b17e909ec3c7fd41adfce79b321d960e
  FMDB: 2ce00b547f966261cd18927a3ddb07cb6f3db82a
  M80AttributedLabel: 77fedfe63804c989a6de0fa4d400ea8cad3ab441
  NIMKit: b8634e875af4e5a463f72ff1546ac00b2e3f1e5b
  NIMSDK: a78cb1ff95c7ad1a13c8c84cad8cf1d7db8fbe9a
  Reachability: 33e18b67625424e47b6cde6d202dce689ad7af96
  SDWebImage: c666b97e1fa9c64b4909816a903322018f0a9c84
  SDWebImageFLPlugin: 245c7ce1e77028b6ef415240847b3f8aa4b106b7
  SSZipArchive: 04547dfa448be5ed7ecbaf7eaf8a6e9eb9b42997
  SVProgressHUD: 1428aafac632c1f86f62aa4243ec12008d7a51d6
  Toast: 14a93686d6c8bfe2727afd342414e35660a8a1f3
  TZImagePickerController: 7fd9702897ef8c0b7c951e5463f4bcf398296f9e
  YYImage: 1e1b62a9997399593e4b9c4ecfbbabbf1d3f3b54

PODFILE CHECKSUM: 72b08344235ed66d94d5095e58f23a05a893c593

COCOAPODS: 1.10.1
